
Microsoft Visual Studio Solution File, Format Version 12.00
# Visual Studio 15
VisualStudioVersion = 15.0.28010.2050
MinimumVisualStudioVersion = 10.0.40219.1
Project("{FAE04EC0-301F-11D3-BF4B-00C04F79EFBC}") = "GeometricFiguresCalculator", "GeometricFiguresCalculator\GeometricFiguresCalculator.csproj", "{47E932D0-2F72-42CF-8105-C80B67023876}"
EndProject
Global
	GlobalSection(SolutionConfigurationPlatforms) = preSolution
		Debug|Any CPU = Debug|Any CPU
		Release|Any CPU = Release|Any CPU
	EndGlobalSection
	GlobalSection(ProjectConfigurationPlatforms) = postSolution
		{47E932D0-2F72-42CF-8105-C80B67023876}.Debug|Any CPU.ActiveCfg = Debug|Any CPU
		{47E932D0-2F72-42CF-8105-C80B67023876}.Debug|Any CPU.Build.0 = Debug|Any CPU
		{47E932D0-2F72-42CF-8105-C80B67023876}.Release|Any CPU.ActiveCfg = Release|Any CPU
		{47E932D0-2F72-42CF-8105-C80B67023876}.Release|Any CPU.Build.0 = Release|Any CPU
	EndGlobalSection
	GlobalSection(SolutionProperties) = preSolution
		HideSolutionNode = FALSE
	EndGlobalSection
	GlobalSection(ExtensibilityGlobals) = postSolution
		SolutionGuid = {A1681CD1-BC91-437B-BB57-73450700145A}
	EndGlobalSection
EndGlobal
